// !$*UTF8*$!
{
	archiveVersion = 1;
	classes = {
	};
	objectVersion = 55;
	objects = {

/* Begin PBXBuildFile section */
		2E07AE712A07961D00674E47 /* ImageCacheManager.swift in Sources */ = {isa = PBXBuildFile; fileRef = 2E07AE702A07961D00674E47 /* ImageCacheManager.swift */; };
		2E07AE762A079CE300674E47 /* MessageView.swift in Sources */ = {isa = PBXBuildFile; fileRef = 2E07AE752A079CE300674E47 /* MessageView.swift */; };
		2E3A025F2A12261D003E8293 /* Sidebar.swift in Sources */ = {isa = PBXBuildFile; fileRef = 2E3A025E2A12261D003E8293 /* Sidebar.swift */; };
		2E3A02612A1226E5003E8293 /* DetailColumn.swift in Sources */ = {isa = PBXBuildFile; fileRef = 2E3A02602A1226E5003E8293 /* DetailColumn.swift */; };
		2E4B7945295343C400A41030 /* Environment.swift in Sources */ = {isa = PBXBuildFile; fileRef = 2E4B7944295343C400A41030 /* Environment.swift */; };
		2E4B79492953447A00A41030 /* UIApplicationExtension.swift in Sources */ = {isa = PBXBuildFile; fileRef = 2E4B79482953447A00A41030 /* UIApplicationExtension.swift */; };
		2E4B794C2953493F00A41030 /* Colors.xcassets in Resources */ = {isa = PBXBuildFile; fileRef = 2E4B794B2953493F00A41030 /* Colors.xcassets */; };
		2E5F258D27EF4B4F002F21F5 /* SDWebImageSwiftUI in Frameworks */ = {isa = PBXBuildFile; productRef = 2E5F258C27EF4B4F002F21F5 /* SDWebImageSwiftUI */; };
		2E70C2B929E2BBFE00D0AE21 /* FirebaseStorageManager.swift in Sources */ = {isa = PBXBuildFile; fileRef = 2EDE6E5729E26CE10032FCCC /* FirebaseStorageManager.swift */; };
		2E70C2BA29E2BC0200D0AE21 /* FirestoreManager.swift in Sources */ = {isa = PBXBuildFile; fileRef = 2EDE6E5829E26CE10032FCCC /* FirestoreManager.swift */; };
		2E72AFDC29FFAE4B00DAFC39 /* CloudKitUtility.swift in Sources */ = {isa = PBXBuildFile; fileRef = 2E72AFDB29FFAE4B00DAFC39 /* CloudKitUtility.swift */; };
		2E72AFDE29FFB07500DAFC39 /* CloudKitUtility+Combine.swift in Sources */ = {isa = PBXBuildFile; fileRef = 2E72AFDD29FFB07500DAFC39 /* CloudKitUtility+Combine.swift */; };
		2E72AFE029FFB07D00DAFC39 /* CloudKitUtility+AsyncAwait.swift in Sources */ = {isa = PBXBuildFile; fileRef = 2E72AFDF29FFB07D00DAFC39 /* CloudKitUtility+AsyncAwait.swift */; };
		2E80977D27E5BB4F00E40261 /* EmojiPlaygroundApp.swift in Sources */ = {isa = PBXBuildFile; fileRef = 2E80977C27E5BB4F00E40261 /* EmojiPlaygroundApp.swift */; };
		2E80977F27E5BB4F00E40261 /* HomeView.swift in Sources */ = {isa = PBXBuildFile; fileRef = 2E80977E27E5BB4F00E40261 /* HomeView.swift */; };
		2E80978127E5BB5000E40261 /* Assets.xcassets in Resources */ = {isa = PBXBuildFile; fileRef = 2E80978027E5BB5000E40261 /* Assets.xcassets */; };
		2E80978427E5BB5000E40261 /* Preview Assets.xcassets in Resources */ = {isa = PBXBuildFile; fileRef = 2E80978327E5BB5000E40261 /* Preview Assets.xcassets */; };
		2E80978B27E5BCDF00E40261 /* ChatView.swift in Sources */ = {isa = PBXBuildFile; fileRef = 2E80978A27E5BCDF00E40261 /* ChatView.swift */; };
		2E80979527E5EA1000E40261 /* Message.swift in Sources */ = {isa = PBXBuildFile; fileRef = 2E80979427E5EA1000E40261 /* Message.swift */; };
		2E80979727E5F1AB00E40261 /* ImagePicker.swift in Sources */ = {isa = PBXBuildFile; fileRef = 2E80979627E5F1AB00E40261 /* ImagePicker.swift */; };
		2E80979927E60CB100E40261 /* Screen.swift in Sources */ = {isa = PBXBuildFile; fileRef = 2E80979827E60CB100E40261 /* Screen.swift */; };
		2E80979B27E60F1C00E40261 /* NavigationBarColor.swift in Sources */ = {isa = PBXBuildFile; fileRef = 2E80979A27E60F1C00E40261 /* NavigationBarColor.swift */; };
		2E80979D27E628F500E40261 /* DefaultCharacter.swift in Sources */ = {isa = PBXBuildFile; fileRef = 2E80979C27E628F500E40261 /* DefaultCharacter.swift */; };
		2E8097A327E6492F00E40261 /* KeyboardHeightHelper.swift in Sources */ = {isa = PBXBuildFile; fileRef = 2E8097A227E6492F00E40261 /* KeyboardHeightHelper.swift */; };
		2E8097A627E64B7400E40261 /* ColorExtension.swift in Sources */ = {isa = PBXBuildFile; fileRef = 2E8097A527E64B7400E40261 /* ColorExtension.swift */; };
		2E9517842945B168001E6ED6 /* MainView.swift in Sources */ = {isa = PBXBuildFile; fileRef = 2E9517832945B168001E6ED6 /* MainView.swift */; };
		2E9517892945B38D001E6ED6 /* Theme.swift in Sources */ = {isa = PBXBuildFile; fileRef = 2E9517882945B38D001E6ED6 /* Theme.swift */; };
		2E9E832B2A0559AB002A2B90 /* GIFImage.swift in Sources */ = {isa = PBXBuildFile; fileRef = 2E9E832A2A0559AB002A2B90 /* GIFImage.swift */; };
		2EBE34BD29EA5AF600F30846 /* EmojiPlayground.xcdatamodeld in Sources */ = {isa = PBXBuildFile; fileRef = 2EBE34BB29EA5AF600F30846 /* EmojiPlayground.xcdatamodeld */; };
		2EBE350B29F2D9E000F30846 /* Room.swift in Sources */ = {isa = PBXBuildFile; fileRef = 2EBE350A29F2D9E000F30846 /* Room.swift */; };
		2EBE350D29F2DA2800F30846 /* Persistence.swift in Sources */ = {isa = PBXBuildFile; fileRef = 2EBE350C29F2DA2800F30846 /* Persistence.swift */; };
		2EDE6E4D29E26BE40032FCCC /* FirebaseAnalytics in Frameworks */ = {isa = PBXBuildFile; productRef = 2EDE6E4C29E26BE40032FCCC /* FirebaseAnalytics */; };
		2EDE6E4F29E26BE40032FCCC /* FirebaseCrashlytics in Frameworks */ = {isa = PBXBuildFile; productRef = 2EDE6E4E29E26BE40032FCCC /* FirebaseCrashlytics */; };
		2EDE6E5129E26BE40032FCCC /* FirebaseFirestore in Frameworks */ = {isa = PBXBuildFile; productRef = 2EDE6E5029E26BE40032FCCC /* FirebaseFirestore */; };
		2EDE6E5329E26BE40032FCCC /* FirebaseFirestoreSwift in Frameworks */ = {isa = PBXBuildFile; productRef = 2EDE6E5229E26BE40032FCCC /* FirebaseFirestoreSwift */; };
		2EDE6E5529E26BE40032FCCC /* FirebaseStorage in Frameworks */ = {isa = PBXBuildFile; productRef = 2EDE6E5429E26BE40032FCCC /* FirebaseStorage */; };
		2EFD113229E162EC00924121 /* EmoticonStorageView.swift in Sources */ = {isa = PBXBuildFile; fileRef = 2EFD113129E162EC00924121 /* EmoticonStorageView.swift */; };
		2EFD113829E16CBA00924121 /* GoogleService-Info.plist in Resources */ = {isa = PBXBuildFile; fileRef = 2EFD113729E16CBA00924121 /* GoogleService-Info.plist */; };
/* End PBXBuildFile section */

/* Begin PBXFileReference section */
		2E07AE702A07961D00674E47 /* ImageCacheManager.swift */ = {isa = PBXFileReference; lastKnownFileType = sourcecode.swift; path = ImageCacheManager.swift; sourceTree = "<group>"; };
		2E07AE752A079CE300674E47 /* MessageView.swift */ = {isa = PBXFileReference; lastKnownFileType = sourcecode.swift; path = MessageView.swift; sourceTree = "<group>"; };
		2E3A025E2A12261D003E8293 /* Sidebar.swift */ = {isa = PBXFileReference; lastKnownFileType = sourcecode.swift; path = Sidebar.swift; sourceTree = "<group>"; };
		2E3A02602A1226E5003E8293 /* DetailColumn.swift */ = {isa = PBXFileReference; lastKnownFileType = sourcecode.swift; path = DetailColumn.swift; sourceTree = "<group>"; };
		2E4B7944295343C400A41030 /* Environment.swift */ = {isa = PBXFileReference; lastKnownFileType = sourcecode.swift; path = Environment.swift; sourceTree = "<group>"; };
		2E4B79482953447A00A41030 /* UIApplicationExtension.swift */ = {isa = PBXFileReference; lastKnownFileType = sourcecode.swift; path = UIApplicationExtension.swift; sourceTree = "<group>"; };
		2E4B794B2953493F00A41030 /* Colors.xcassets */ = {isa = PBXFileReference; lastKnownFileType = folder.assetcatalog; path = Colors.xcassets; sourceTree = "<group>"; };
		2E72AFDA29FFAD1A00DAFC39 /* EmojiPlayground.entitlements */ = {isa = PBXFileReference; lastKnownFileType = text.plist.entitlements; path = EmojiPlayground.entitlements; sourceTree = "<group>"; };
		2E72AFDB29FFAE4B00DAFC39 /* CloudKitUtility.swift */ = {isa = PBXFileReference; lastKnownFileType = sourcecode.swift; path = CloudKitUtility.swift; sourceTree = "<group>"; };
		2E72AFDD29FFB07500DAFC39 /* CloudKitUtility+Combine.swift */ = {isa = PBXFileReference; lastKnownFileType = sourcecode.swift; path = "CloudKitUtility+Combine.swift"; sourceTree = "<group>"; };
		2E72AFDF29FFB07D00DAFC39 /* CloudKitUtility+AsyncAwait.swift */ = {isa = PBXFileReference; lastKnownFileType = sourcecode.swift; path = "CloudKitUtility+AsyncAwait.swift"; sourceTree = "<group>"; };
		2E80977927E5BB4F00E40261 /* EmojiPlayground.app */ = {isa = PBXFileReference; explicitFileType = wrapper.application; includeInIndex = 0; path = EmojiPlayground.app; sourceTree = BUILT_PRODUCTS_DIR; };
		2E80977C27E5BB4F00E40261 /* EmojiPlaygroundApp.swift */ = {isa = PBXFileReference; lastKnownFileType = sourcecode.swift; path = EmojiPlaygroundApp.swift; sourceTree = "<group>"; };
		2E80977E27E5BB4F00E40261 /* HomeView.swift */ = {isa = PBXFileReference; lastKnownFileType = sourcecode.swift; path = HomeView.swift; sourceTree = "<group>"; };
		2E80978027E5BB5000E40261 /* Assets.xcassets */ = {isa = PBXFileReference; lastKnownFileType = folder.assetcatalog; path = Assets.xcassets; sourceTree = "<group>"; };
		2E80978327E5BB5000E40261 /* Preview Assets.xcassets */ = {isa = PBXFileReference; lastKnownFileType = folder.assetcatalog; path = "Preview Assets.xcassets"; sourceTree = "<group>"; };
		2E80978A27E5BCDF00E40261 /* ChatView.swift */ = {isa = PBXFileReference; lastKnownFileType = sourcecode.swift; path = ChatView.swift; sourceTree = "<group>"; };
		2E80979427E5EA1000E40261 /* Message.swift */ = {isa = PBXFileReference; lastKnownFileType = sourcecode.swift; path = Message.swift; sourceTree = "<group>"; };
		2E80979627E5F1AB00E40261 /* ImagePicker.swift */ = {isa = PBXFileReference; lastKnownFileType = sourcecode.swift; path = ImagePicker.swift; sourceTree = "<group>"; };
		2E80979827E60CB100E40261 /* Screen.swift */ = {isa = PBXFileReference; fileEncoding = 4; lastKnownFileType = sourcecode.swift; path = Screen.swift; sourceTree = "<group>"; };
		2E80979A27E60F1C00E40261 /* NavigationBarColor.swift */ = {isa = PBXFileReference; lastKnownFileType = sourcecode.swift; path = NavigationBarColor.swift; sourceTree = "<group>"; };
		2E80979C27E628F500E40261 /* DefaultCharacter.swift */ = {isa = PBXFileReference; lastKnownFileType = sourcecode.swift; path = DefaultCharacter.swift; sourceTree = "<group>"; };
		2E8097A227E6492F00E40261 /* KeyboardHeightHelper.swift */ = {isa = PBXFileReference; lastKnownFileType = sourcecode.swift; path = KeyboardHeightHelper.swift; sourceTree = "<group>"; };
		2E8097A527E64B7400E40261 /* ColorExtension.swift */ = {isa = PBXFileReference; lastKnownFileType = sourcecode.swift; path = ColorExtension.swift; sourceTree = "<group>"; };
		2E9517832945B168001E6ED6 /* MainView.swift */ = {isa = PBXFileReference; lastKnownFileType = sourcecode.swift; path = MainView.swift; sourceTree = "<group>"; };
		2E9517882945B38D001E6ED6 /* Theme.swift */ = {isa = PBXFileReference; lastKnownFileType = sourcecode.swift; path = Theme.swift; sourceTree = "<group>"; };
		2E9E832A2A0559AB002A2B90 /* GIFImage.swift */ = {isa = PBXFileReference; lastKnownFileType = sourcecode.swift; path = GIFImage.swift; sourceTree = "<group>"; };
		2EBE34BC29EA5AF600F30846 /* EmojiPlayground.xcdatamodel */ = {isa = PBXFileReference; lastKnownFileType = wrapper.xcdatamodel; path = EmojiPlayground.xcdatamodel; sourceTree = "<group>"; };
		2EBE350A29F2D9E000F30846 /* Room.swift */ = {isa = PBXFileReference; lastKnownFileType = sourcecode.swift; path = Room.swift; sourceTree = "<group>"; };
		2EBE350C29F2DA2800F30846 /* Persistence.swift */ = {isa = PBXFileReference; lastKnownFileType = sourcecode.swift; path = Persistence.swift; sourceTree = "<group>"; };
		2EDE6E5729E26CE10032FCCC /* FirebaseStorageManager.swift */ = {isa = PBXFileReference; lastKnownFileType = sourcecode.swift; path = FirebaseStorageManager.swift; sourceTree = "<group>"; };
		2EDE6E5829E26CE10032FCCC /* FirestoreManager.swift */ = {isa = PBXFileReference; lastKnownFileType = sourcecode.swift; path = FirestoreManager.swift; sourceTree = "<group>"; };
		2EFD113129E162EC00924121 /* EmoticonStorageView.swift */ = {isa = PBXFileReference; lastKnownFileType = sourcecode.swift; path = EmoticonStorageView.swift; sourceTree = "<group>"; };
		2EFD113729E16CBA00924121 /* GoogleService-Info.plist */ = {isa = PBXFileReference; fileEncoding = 4; lastKnownFileType = text.plist.xml; path = "GoogleService-Info.plist"; sourceTree = "<group>"; };
/* End PBXFileReference section */

/* Begin PBXFrameworksBuildPhase section */
		2E80977627E5BB4F00E40261 /* Frameworks */ = {
			isa = PBXFrameworksBuildPhase;
			buildActionMask = 2147483647;
			files = (
				2EDE6E5329E26BE40032FCCC /* FirebaseFirestoreSwift in Frameworks */,
				2EDE6E4F29E26BE40032FCCC /* FirebaseCrashlytics in Frameworks */,
				2EDE6E5129E26BE40032FCCC /* FirebaseFirestore in Frameworks */,
				2EDE6E4D29E26BE40032FCCC /* FirebaseAnalytics in Frameworks */,
				2E5F258D27EF4B4F002F21F5 /* SDWebImageSwiftUI in Frameworks */,
				2EDE6E5529E26BE40032FCCC /* FirebaseStorage in Frameworks */,
			);
			runOnlyForDeploymentPostprocessing = 0;
		};
/* End PBXFrameworksBuildPhase section */

/* Begin PBXGroup section */
		2E3A025D2A122611003E8293 /* Navigation */ = {
			isa = PBXGroup;
			children = (
				2E3A025E2A12261D003E8293 /* Sidebar.swift */,
				2E3A02602A1226E5003E8293 /* DetailColumn.swift */,
			);
			path = Navigation;
			sourceTree = "<group>";
		};
		2E4B794A295344CC00A41030 /* Store */ = {
			isa = PBXGroup;
			children = (
				2EBE350C29F2DA2800F30846 /* Persistence.swift */,
			);
			path = Store;
			sourceTree = "<group>";
		};
		2E80977027E5BB4F00E40261 = {
			isa = PBXGroup;
			children = (
				2E80977B27E5BB4F00E40261 /* EmojiPlayground */,
				2E80977A27E5BB4F00E40261 /* Products */,
			);
			sourceTree = "<group>";
		};
		2E80977A27E5BB4F00E40261 /* Products */ = {
			isa = PBXGroup;
			children = (
				2E80977927E5BB4F00E40261 /* EmojiPlayground.app */,
			);
			name = Products;
			sourceTree = "<group>";
		};
		2E80977B27E5BB4F00E40261 /* EmojiPlayground */ = {
			isa = PBXGroup;
			children = (
				2E72AFDA29FFAD1A00DAFC39 /* EmojiPlayground.entitlements */,
				2E95177D2945B0C1001E6ED6 /* Sources */,
				2E95177C2945B0B9001E6ED6 /* Resources */,
				2EABF5CB27E7985C0017D685 /* Common */,
				2E8097A427E64B2400E40261 /* Toolbox */,
			);
			path = EmojiPlayground;
			sourceTree = "<group>";
		};
		2E80978227E5BB5000E40261 /* Preview Content */ = {
			isa = PBXGroup;
			children = (
				2E80978327E5BB5000E40261 /* Preview Assets.xcassets */,
			);
			path = "Preview Content";
			sourceTree = "<group>";
		};
		2E8097A427E64B2400E40261 /* Toolbox */ = {
			isa = PBXGroup;
			children = (
				2E8097A227E6492F00E40261 /* KeyboardHeightHelper.swift */,
				2E80979A27E60F1C00E40261 /* NavigationBarColor.swift */,
			);
			path = Toolbox;
			sourceTree = "<group>";
		};
		2E95177C2945B0B9001E6ED6 /* Resources */ = {
			isa = PBXGroup;
			children = (
				2EFD113729E16CBA00924121 /* GoogleService-Info.plist */,
				2E80978027E5BB5000E40261 /* Assets.xcassets */,
				2E4B794B2953493F00A41030 /* Colors.xcassets */,
				2E80978227E5BB5000E40261 /* Preview Content */,
				2EBE34BB29EA5AF600F30846 /* EmojiPlayground.xcdatamodeld */,
			);
			path = Resources;
			sourceTree = "<group>";
		};
		2E95177D2945B0C1001E6ED6 /* Sources */ = {
			isa = PBXGroup;
			children = (
				2E9517852945B303001E6ED6 /* Utility */,
				2E95177E2945B0D8001E6ED6 /* App */,
				2E9517812945B147001E6ED6 /* UI */,
				2E4B794A295344CC00A41030 /* Store */,
				2EABF5C727E798180017D685 /* Model */,
			);
			path = Sources;
			sourceTree = "<group>";
		};
		2E95177E2945B0D8001E6ED6 /* App */ = {
			isa = PBXGroup;
			children = (
				2E80977C27E5BB4F00E40261 /* EmojiPlaygroundApp.swift */,
				2E4B7944295343C400A41030 /* Environment.swift */,
				2E4B79482953447A00A41030 /* UIApplicationExtension.swift */,
			);
			path = App;
			sourceTree = "<group>";
		};
		2E9517812945B147001E6ED6 /* UI */ = {
			isa = PBXGroup;
			children = (
				2E3A025D2A122611003E8293 /* Navigation */,
				2E9517872945B32D001E6ED6 /* Component */,
				2E9517822945B154001E6ED6 /* Main */,
				2E95178B2945C120001E6ED6 /* Home */,
				2E95178C2945C153001E6ED6 /* Chat */,
				2EFD113029E1619B00924121 /* EmoticonStorage */,
			);
			path = UI;
			sourceTree = "<group>";
		};
		2E9517822945B154001E6ED6 /* Main */ = {
			isa = PBXGroup;
			children = (
				2E9517832945B168001E6ED6 /* MainView.swift */,
			);
			path = Main;
			sourceTree = "<group>";
		};
		2E9517852945B303001E6ED6 /* Utility */ = {
			isa = PBXGroup;
			children = (
				2E80979827E60CB100E40261 /* Screen.swift */,
				2E9E832A2A0559AB002A2B90 /* GIFImage.swift */,
				2E07AE702A07961D00674E47 /* ImageCacheManager.swift */,
				2E9517862945B315001E6ED6 /* Extension */,
				2EDE6E5629E26CBA0032FCCC /* Firebase */,
				2E9E83292A050A49002A2B90 /* CloudKit */,
			);
			path = Utility;
			sourceTree = "<group>";
		};
		2E9517862945B315001E6ED6 /* Extension */ = {
			isa = PBXGroup;
			children = (
				2E8097A527E64B7400E40261 /* ColorExtension.swift */,
			);
			path = Extension;
			sourceTree = "<group>";
		};
		2E9517872945B32D001E6ED6 /* Component */ = {
			isa = PBXGroup;
			children = (
				2E80979627E5F1AB00E40261 /* ImagePicker.swift */,
				2E07AE752A079CE300674E47 /* MessageView.swift */,
			);
			path = Component;
			sourceTree = "<group>";
		};
		2E95178B2945C120001E6ED6 /* Home */ = {
			isa = PBXGroup;
			children = (
				2E80977E27E5BB4F00E40261 /* HomeView.swift */,
			);
			path = Home;
			sourceTree = "<group>";
		};
		2E95178C2945C153001E6ED6 /* Chat */ = {
			isa = PBXGroup;
			children = (
				2E80978A27E5BCDF00E40261 /* ChatView.swift */,
			);
			path = Chat;
			sourceTree = "<group>";
		};
		2E9E83292A050A49002A2B90 /* CloudKit */ = {
			isa = PBXGroup;
			children = (
				2E72AFDB29FFAE4B00DAFC39 /* CloudKitUtility.swift */,
				2E72AFDD29FFB07500DAFC39 /* CloudKitUtility+Combine.swift */,
				2E72AFDF29FFB07D00DAFC39 /* CloudKitUtility+AsyncAwait.swift */,
			);
			path = CloudKit;
			sourceTree = "<group>";
		};
		2EABF5C727E798180017D685 /* Model */ = {
			isa = PBXGroup;
			children = (
				2E80979427E5EA1000E40261 /* Message.swift */,
				2EBE350A29F2D9E000F30846 /* Room.swift */,
				2E9517882945B38D001E6ED6 /* Theme.swift */,
			);
			path = Model;
			sourceTree = "<group>";
		};
		2EABF5CB27E7985C0017D685 /* Common */ = {
			isa = PBXGroup;
			children = (
				2E80979C27E628F500E40261 /* DefaultCharacter.swift */,
			);
			path = Common;
			sourceTree = "<group>";
		};
		2EDE6E5629E26CBA0032FCCC /* Firebase */ = {
			isa = PBXGroup;
			children = (
				2EDE6E5729E26CE10032FCCC /* FirebaseStorageManager.swift */,
				2EDE6E5829E26CE10032FCCC /* FirestoreManager.swift */,
			);
			path = Firebase;
			sourceTree = "<group>";
		};
		2EFD113029E1619B00924121 /* EmoticonStorage */ = {
			isa = PBXGroup;
			children = (
				2EFD113129E162EC00924121 /* EmoticonStorageView.swift */,
			);
			path = EmoticonStorage;
			sourceTree = "<group>";
		};
/* End PBXGroup section */

/* Begin PBXNativeTarget section */
		2E80977827E5BB4F00E40261 /* EmojiPlayground */ = {
			isa = PBXNativeTarget;
			buildConfigurationList = 2E80978727E5BB5000E40261 /* Build configuration list for PBXNativeTarget "EmojiPlayground" */;
			buildPhases = (
				2E80977527E5BB4F00E40261 /* Sources */,
				2E80977627E5BB4F00E40261 /* Frameworks */,
				2E80977727E5BB4F00E40261 /* Resources */,
			);
			buildRules = (
			);
			dependencies = (
			);
			name = EmojiPlayground;
			packageProductDependencies = (
				2E5F258C27EF4B4F002F21F5 /* SDWebImageSwiftUI */,
				2EDE6E4C29E26BE40032FCCC /* FirebaseAnalytics */,
				2EDE6E4E29E26BE40032FCCC /* FirebaseCrashlytics */,
				2EDE6E5029E26BE40032FCCC /* FirebaseFirestore */,
				2EDE6E5229E26BE40032FCCC /* FirebaseFirestoreSwift */,
				2EDE6E5429E26BE40032FCCC /* FirebaseStorage */,
			);
			productName = EmojiPlayground;
			productReference = 2E80977927E5BB4F00E40261 /* EmojiPlayground.app */;
			productType = "com.apple.product-type.application";
		};
/* End PBXNativeTarget section */

/* Begin PBXProject section */
		2E80977127E5BB4F00E40261 /* Project object */ = {
			isa = PBXProject;
			attributes = {
				BuildIndependentTargetsInParallel = 1;
				LastSwiftUpdateCheck = 1320;
				LastUpgradeCheck = 1320;
				TargetAttributes = {
					2E80977827E5BB4F00E40261 = {
						CreatedOnToolsVersion = 13.2.1;
					};
				};
			};
			buildConfigurationList = 2E80977427E5BB4F00E40261 /* Build configuration list for PBXProject "EmojiPlayground" */;
			compatibilityVersion = "Xcode 13.0";
			developmentRegion = en;
			hasScannedForEncodings = 0;
			knownRegions = (
				en,
				Base,
			);
			mainGroup = 2E80977027E5BB4F00E40261;
			packageReferences = (
				2E5F258B27EF4B4F002F21F5 /* XCRemoteSwiftPackageReference "SDWebImageSwiftUI" */,
				2EDE6E4B29E26BE40032FCCC /* XCRemoteSwiftPackageReference "firebase-ios-sdk" */,
			);
			productRefGroup = 2E80977A27E5BB4F00E40261 /* Products */;
			projectDirPath = "";
			projectRoot = "";
			targets = (
				2E80977827E5BB4F00E40261 /* EmojiPlayground */,
			);
		};
/* End PBXProject section */

/* Begin PBXResourcesBuildPhase section */
		2E80977727E5BB4F00E40261 /* Resources */ = {
			isa = PBXResourcesBuildPhase;
			buildActionMask = 2147483647;
			files = (
				2E4B794C2953493F00A41030 /* Colors.xcassets in Resources */,
				2EFD113829E16CBA00924121 /* GoogleService-Info.plist in Resources */,
				2E80978427E5BB5000E40261 /* Preview Assets.xcassets in Resources */,
				2E80978127E5BB5000E40261 /* Assets.xcassets in Resources */,
			);
			runOnlyForDeploymentPostprocessing = 0;
		};
/* End PBXResourcesBuildPhase section */

/* Begin PBXSourcesBuildPhase section */
		2E80977527E5BB4F00E40261 /* Sources */ = {
			isa = PBXSourcesBuildPhase;
			buildActionMask = 2147483647;
			files = (
				2EBE34BD29EA5AF600F30846 /* EmojiPlayground.xcdatamodeld in Sources */,
				2E4B7945295343C400A41030 /* Environment.swift in Sources */,
				2E9517842945B168001E6ED6 /* MainView.swift in Sources */,
				2E80977F27E5BB4F00E40261 /* HomeView.swift in Sources */,
				2E07AE762A079CE300674E47 /* MessageView.swift in Sources */,
				2E80979727E5F1AB00E40261 /* ImagePicker.swift in Sources */,
				2E8097A327E6492F00E40261 /* KeyboardHeightHelper.swift in Sources */,
				2E80979927E60CB100E40261 /* Screen.swift in Sources */,
				2EFD113229E162EC00924121 /* EmoticonStorageView.swift in Sources */,
				2EBE350B29F2D9E000F30846 /* Room.swift in Sources */,
				2E9E832B2A0559AB002A2B90 /* GIFImage.swift in Sources */,
				2E80978B27E5BCDF00E40261 /* ChatView.swift in Sources */,
				2E80979D27E628F500E40261 /* DefaultCharacter.swift in Sources */,
				2E70C2BA29E2BC0200D0AE21 /* FirestoreManager.swift in Sources */,
				2E80979527E5EA1000E40261 /* Message.swift in Sources */,
				2EBE350D29F2DA2800F30846 /* Persistence.swift in Sources */,
				2E3A025F2A12261D003E8293 /* Sidebar.swift in Sources */,
				2E72AFDE29FFB07500DAFC39 /* CloudKitUtility+Combine.swift in Sources */,
				2E72AFDC29FFAE4B00DAFC39 /* CloudKitUtility.swift in Sources */,
				2E07AE712A07961D00674E47 /* ImageCacheManager.swift in Sources */,
				2E80979B27E60F1C00E40261 /* NavigationBarColor.swift in Sources */,
				2E72AFE029FFB07D00DAFC39 /* CloudKitUtility+AsyncAwait.swift in Sources */,
				2E3A02612A1226E5003E8293 /* DetailColumn.swift in Sources */,
				2E4B79492953447A00A41030 /* UIApplicationExtension.swift in Sources */,
				2E70C2B929E2BBFE00D0AE21 /* FirebaseStorageManager.swift in Sources */,
				2E80977D27E5BB4F00E40261 /* EmojiPlaygroundApp.swift in Sources */,
				2E9517892945B38D001E6ED6 /* Theme.swift in Sources */,
				2E8097A627E64B7400E40261 /* ColorExtension.swift in Sources */,
			);
			runOnlyForDeploymentPostprocessing = 0;
		};
/* End PBXSourcesBuildPhase section */

/* Begin XCBuildConfiguration section */
		2E80978527E5BB5000E40261 /* Debug */ = {
			isa = XCBuildConfiguration;
			buildSettings = {
				ALWAYS_SEARCH_USER_PATHS = NO;
				CLANG_ANALYZER_NONNULL = YES;
				CLANG_ANALYZER_NUMBER_OBJECT_CONVERSION = YES_AGGRESSIVE;
				CLANG_CXX_LANGUAGE_STANDARD = "gnu++17";
				CLANG_CXX_LIBRARY = "libc++";
				CLANG_ENABLE_MODULES = YES;
				CLANG_ENABLE_OBJC_ARC = YES;
				CLANG_ENABLE_OBJC_WEAK = YES;
				CLANG_WARN_BLOCK_CAPTURE_AUTORELEASING = YES;
				CLANG_WARN_BOOL_CONVERSION = YES;
				CLANG_WARN_COMMA = YES;
				CLANG_WARN_CONSTANT_CONVERSION = YES;
				CLANG_WARN_DEPRECATED_OBJC_IMPLEMENTATIONS = YES;
				CLANG_WARN_DIRECT_OBJC_ISA_USAGE = YES_ERROR;
				CLANG_WARN_DOCUMENTATION_COMMENTS = YES;
				CLANG_WARN_EMPTY_BODY = YES;
				CLANG_WARN_ENUM_CONVERSION = YES;
				CLANG_WARN_INFINITE_RECURSION = YES;
				CLANG_WARN_INT_CONVERSION = YES;
				CLANG_WARN_NON_LITERAL_NULL_CONVERSION = YES;
				CLANG_WARN_OBJC_IMPLICIT_RETAIN_SELF = YES;
				CLANG_WARN_OBJC_LITERAL_CONVERSION = YES;
				CLANG_WARN_OBJC_ROOT_CLASS = YES_ERROR;
				CLANG_WARN_QUOTED_INCLUDE_IN_FRAMEWORK_HEADER = YES;
				CLANG_WARN_RANGE_LOOP_ANALYSIS = YES;
				CLANG_WARN_STRICT_PROTOTYPES = YES;
				CLANG_WARN_SUSPICIOUS_MOVE = YES;
				CLANG_WARN_UNGUARDED_AVAILABILITY = YES_AGGRESSIVE;
				CLANG_WARN_UNREACHABLE_CODE = YES;
				CLANG_WARN__DUPLICATE_METHOD_MATCH = YES;
				COPY_PHASE_STRIP = NO;
				DEBUG_INFORMATION_FORMAT = dwarf;
				ENABLE_STRICT_OBJC_MSGSEND = YES;
				ENABLE_TESTABILITY = YES;
				GCC_C_LANGUAGE_STANDARD = gnu11;
				GCC_DYNAMIC_NO_PIC = NO;
				GCC_NO_COMMON_BLOCKS = YES;
				GCC_OPTIMIZATION_LEVEL = 0;
				GCC_PREPROCESSOR_DEFINITIONS = (
					"DEBUG=1",
					"$(inherited)",
				);
				GCC_WARN_64_TO_32_BIT_CONVERSION = YES;
				GCC_WARN_ABOUT_RETURN_TYPE = YES_ERROR;
				GCC_WARN_UNDECLARED_SELECTOR = YES;
				GCC_WARN_UNINITIALIZED_AUTOS = YES_AGGRESSIVE;
				GCC_WARN_UNUSED_FUNCTION = YES;
				GCC_WARN_UNUSED_VARIABLE = YES;
				IPHONEOS_DEPLOYMENT_TARGET = 15.2;
				MTL_ENABLE_DEBUG_INFO = INCLUDE_SOURCE;
				MTL_FAST_MATH = YES;
				ONLY_ACTIVE_ARCH = YES;
				SDKROOT = iphoneos;
				SWIFT_ACTIVE_COMPILATION_CONDITIONS = DEBUG;
				SWIFT_OPTIMIZATION_LEVEL = "-Onone";
			};
			name = Debug;
		};
		2E80978627E5BB5000E40261 /* Release */ = {
			isa = XCBuildConfiguration;
			buildSettings = {
				ALWAYS_SEARCH_USER_PATHS = NO;
				CLANG_ANALYZER_NONNULL = YES;
				CLANG_ANALYZER_NUMBER_OBJECT_CONVERSION = YES_AGGRESSIVE;
				CLANG_CXX_LANGUAGE_STANDARD = "gnu++17";
				CLANG_CXX_LIBRARY = "libc++";
				CLANG_ENABLE_MODULES = YES;
				CLANG_ENABLE_OBJC_ARC = YES;
				CLANG_ENABLE_OBJC_WEAK = YES;
				CLANG_WARN_BLOCK_CAPTURE_AUTORELEASING = YES;
				CLANG_WARN_BOOL_CONVERSION = YES;
				CLANG_WARN_COMMA = YES;
				CLANG_WARN_CONSTANT_CONVERSION = YES;
				CLANG_WARN_DEPRECATED_OBJC_IMPLEMENTATIONS = YES;
				CLANG_WARN_DIRECT_OBJC_ISA_USAGE = YES_ERROR;
				CLANG_WARN_DOCUMENTATION_COMMENTS = YES;
				CLANG_WARN_EMPTY_BODY = YES;
				CLANG_WARN_ENUM_CONVERSION = YES;
				CLANG_WARN_INFINITE_RECURSION = YES;
				CLANG_WARN_INT_CONVERSION = YES;
				CLANG_WARN_NON_LITERAL_NULL_CONVERSION = YES;
				CLANG_WARN_OBJC_IMPLICIT_RETAIN_SELF = YES;
				CLANG_WARN_OBJC_LITERAL_CONVERSION = YES;
				CLANG_WARN_OBJC_ROOT_CLASS = YES_ERROR;
				CLANG_WARN_QUOTED_INCLUDE_IN_FRAMEWORK_HEADER = YES;
				CLANG_WARN_RANGE_LOOP_ANALYSIS = YES;
				CLANG_WARN_STRICT_PROTOTYPES = YES;
				CLANG_WARN_SUSPICIOUS_MOVE = YES;
				CLANG_WARN_UNGUARDED_AVAILABILITY = YES_AGGRESSIVE;
				CLANG_WARN_UNREACHABLE_CODE = YES;
				CLANG_WARN__DUPLICATE_METHOD_MATCH = YES;
				COPY_PHASE_STRIP = NO;
				DEBUG_INFORMATION_FORMAT = "dwarf-with-dsym";
				ENABLE_NS_ASSERTIONS = NO;
				ENABLE_STRICT_OBJC_MSGSEND = YES;
				GCC_C_LANGUAGE_STANDARD = gnu11;
				GCC_NO_COMMON_BLOCKS = YES;
				GCC_WARN_64_TO_32_BIT_CONVERSION = YES;
				GCC_WARN_ABOUT_RETURN_TYPE = YES_ERROR;
				GCC_WARN_UNDECLARED_SELECTOR = YES;
				GCC_WARN_UNINITIALIZED_AUTOS = YES_AGGRESSIVE;
				GCC_WARN_UNUSED_FUNCTION = YES;
				GCC_WARN_UNUSED_VARIABLE = YES;
				IPHONEOS_DEPLOYMENT_TARGET = 15.2;
				MTL_ENABLE_DEBUG_INFO = NO;
				MTL_FAST_MATH = YES;
				SDKROOT = iphoneos;
				SWIFT_COMPILATION_MODE = wholemodule;
				SWIFT_OPTIMIZATION_LEVEL = "-O";
				VALIDATE_PRODUCT = YES;
			};
			name = Release;
		};
		2E80978827E5BB5000E40261 /* Debug */ = {
			isa = XCBuildConfiguration;
			buildSettings = {
				ASSETCATALOG_COMPILER_GLOBAL_ACCENT_COLOR_NAME = AccentColor;
				CODE_SIGN_ENTITLEMENTS = EmojiPlayground/EmojiPlayground.entitlements;
				CODE_SIGN_STYLE = Automatic;
				CURRENT_PROJECT_VERSION = 1;
				DEBUG_INFORMATION_FORMAT = "dwarf-with-dsym";
				DEVELOPMENT_ASSET_PATHS = "\"EmojiPlayground/Resources/Preview Content\"";
				DEVELOPMENT_TEAM = 2PJ23MZ7RT;
				ENABLE_PREVIEWS = YES;
				GENERATE_INFOPLIST_FILE = YES;
				INFOPLIST_FILE = EmojiPlayground/Info.plist;
				INFOPLIST_KEY_UIApplicationSceneManifest_Generation = YES;
				INFOPLIST_KEY_UIApplicationSupportsIndirectInputEvents = YES;
				INFOPLIST_KEY_UILaunchScreen_Generation = YES;
				INFOPLIST_KEY_UISupportedInterfaceOrientations_iPad = "UIInterfaceOrientationPortrait UIInterfaceOrientationPortraitUpsideDown UIInterfaceOrientationLandscapeLeft UIInterfaceOrientationLandscapeRight";
				INFOPLIST_KEY_UISupportedInterfaceOrientations_iPhone = "UIInterfaceOrientationPortrait UIInterfaceOrientationLandscapeLeft UIInterfaceOrientationLandscapeRight";
				INFOPLIST_KEY_UIUserInterfaceStyle = Light;
				IPHONEOS_DEPLOYMENT_TARGET = 16.0;
				LD_RUNPATH_SEARCH_PATHS = (
					"$(inherited)",
					"@executable_path/Frameworks",
				);
				MARKETING_VERSION = 1.0;
				PRODUCT_BUNDLE_IDENTIFIER = com.chance.EmojiPlayground;
				PRODUCT_NAME = "$(TARGET_NAME)";
				SWIFT_EMIT_LOC_STRINGS = YES;
				SWIFT_VERSION = 5.0;
				TARGETED_DEVICE_FAMILY = "1,2";
			};
			name = Debug;
		};
		2E80978927E5BB5000E40261 /* Release */ = {
			isa = XCBuildConfiguration;
			buildSettings = {
				ASSETCATALOG_COMPILER_GLOBAL_ACCENT_COLOR_NAME = AccentColor;
				CODE_SIGN_ENTITLEMENTS = EmojiPlayground/EmojiPlayground.entitlements;
				CODE_SIGN_STYLE = Automatic;
				CURRENT_PROJECT_VERSION = 1;
				DEBUG_INFORMATION_FORMAT = "dwarf-with-dsym";
				DEVELOPMENT_ASSET_PATHS = "\"EmojiPlayground/Resources/Preview Content\"";
				DEVELOPMENT_TEAM = 2PJ23MZ7RT;
				ENABLE_PREVIEWS = YES;
				GENERATE_INFOPLIST_FILE = YES;
				INFOPLIST_FILE = EmojiPlayground/Info.plist;
				INFOPLIST_KEY_UIApplicationSceneManifest_Generation = YES;
				INFOPLIST_KEY_UIApplicationSupportsIndirectInputEvents = YES;
				INFOPLIST_KEY_UILaunchScreen_Generation = YES;
				INFOPLIST_KEY_UISupportedInterfaceOrientations_iPad = "UIInterfaceOrientationPortrait UIInterfaceOrientationPortraitUpsideDown UIInterfaceOrientationLandscapeLeft UIInterfaceOrientationLandscapeRight";
				INFOPLIST_KEY_UISupportedInterfaceOrientations_iPhone = "UIInterfaceOrientationPortrait UIInterfaceOrientationLandscapeLeft UIInterfaceOrientationLandscapeRight";
				INFOPLIST_KEY_UIUserInterfaceStyle = Light;
				IPHONEOS_DEPLOYMENT_TARGET = 16.0;
				LD_RUNPATH_SEARCH_PATHS = (
					"$(inherited)",
					"@executable_path/Frameworks",
				);
				MARKETING_VERSION = 1.0;
				PRODUCT_BUNDLE_IDENTIFIER = com.chance.EmojiPlayground;
				PRODUCT_NAME = "$(TARGET_NAME)";
				SWIFT_EMIT_LOC_STRINGS = YES;
				SWIFT_VERSION = 5.0;
				TARGETED_DEVICE_FAMILY = "1,2";
			};
			name = Release;
		};
/* End XCBuildConfiguration section */

/* Begin XCConfigurationList section */
		2E80977427E5BB4F00E40261 /* Build configuration list for PBXProject "EmojiPlayground" */ = {
			isa = XCConfigurationList;
			buildConfigurations = (
				2E80978527E5BB5000E40261 /* Debug */,
				2E80978627E5BB5000E40261 /* Release */,
			);
			defaultConfigurationIsVisible = 0;
			defaultConfigurationName = Release;
		};
		2E80978727E5BB5000E40261 /* Build configuration list for PBXNativeTarget "EmojiPlayground" */ = {
			isa = XCConfigurationList;
			buildConfigurations = (
				2E80978827E5BB5000E40261 /* Debug */,
				2E80978927E5BB5000E40261 /* Release */,
			);
			defaultConfigurationIsVisible = 0;
			defaultConfigurationName = Release;
		};
/* End XCConfigurationList section */

/* Begin XCRemoteSwiftPackageReference section */
		2E5F258B27EF4B4F002F21F5 /* XCRemoteSwiftPackageReference "SDWebImageSwiftUI" */ = {
			isa = XCRemoteSwiftPackageReference;
			repositoryURL = "https://github.com/SDWebImage/SDWebImageSwiftUI.git";
			requirement = {
				kind = upToNextMajorVersion;
				minimumVersion = 2.0.0;
			};
		};
		2EDE6E4B29E26BE40032FCCC /* XCRemoteSwiftPackageReference "firebase-ios-sdk" */ = {
			isa = XCRemoteSwiftPackageReference;
			repositoryURL = "https://github.com/firebase/firebase-ios-sdk";
			requirement = {
				kind = upToNextMajorVersion;
				minimumVersion = 9.0.0;
			};
		};
/* End XCRemoteSwiftPackageReference section */

/* Begin XCSwiftPackageProductDependency section */
		2E5F258C27EF4B4F002F21F5 /* SDWebImageSwiftUI */ = {
			isa = XCSwiftPackageProductDependency;
			package = 2E5F258B27EF4B4F002F21F5 /* XCRemoteSwiftPackageReference "SDWebImageSwiftUI" */;
			productName = SDWebImageSwiftUI;
		};
		2EDE6E4C29E26BE40032FCCC /* FirebaseAnalytics */ = {
			isa = XCSwiftPackageProductDependency;
			package = 2EDE6E4B29E26BE40032FCCC /* XCRemoteSwiftPackageReference "firebase-ios-sdk" */;
			productName = FirebaseAnalytics;
		};
		2EDE6E4E29E26BE40032FCCC /* FirebaseCrashlytics */ = {
			isa = XCSwiftPackageProductDependency;
			package = 2EDE6E4B29E26BE40032FCCC /* XCRemoteSwiftPackageReference "firebase-ios-sdk" */;
			productName = FirebaseCrashlytics;
		};
		2EDE6E5029E26BE40032FCCC /* FirebaseFirestore */ = {
			isa = XCSwiftPackageProductDependency;
			package = 2EDE6E4B29E26BE40032FCCC /* XCRemoteSwiftPackageReference "firebase-ios-sdk" */;
			productName = FirebaseFirestore;
		};
		2EDE6E5229E26BE40032FCCC /* FirebaseFirestoreSwift */ = {
			isa = XCSwiftPackageProductDependency;
			package = 2EDE6E4B29E26BE40032FCCC /* XCRemoteSwiftPackageReference "firebase-ios-sdk" */;
			productName = FirebaseFirestoreSwift;
		};
		2EDE6E5429E26BE40032FCCC /* FirebaseStorage */ = {
			isa = XCSwiftPackageProductDependency;
			package = 2EDE6E4B29E26BE40032FCCC /* XCRemoteSwiftPackageReference "firebase-ios-sdk" */;
			productName = FirebaseStorage;
		};
/* End XCSwiftPackageProductDependency section */

/* Begin XCVersionGroup section */
		2EBE34BB29EA5AF600F30846 /* EmojiPlayground.xcdatamodeld */ = {
			isa = XCVersionGroup;
			children = (
				2EBE34BC29EA5AF600F30846 /* EmojiPlayground.xcdatamodel */,
			);
			currentVersion = 2EBE34BC29EA5AF600F30846 /* EmojiPlayground.xcdatamodel */;
			path = EmojiPlayground.xcdatamodeld;
			sourceTree = "<group>";
			versionGroupType = wrapper.xcdatamodel;
		};
/* End XCVersionGroup section */
	};
	rootObject = 2E80977127E5BB4F00E40261 /* Project object */;
}
